<Solution>
  <Folder Name="/src/">
    <Project Path="src/FiapDonateReceiver.Domain/FiapDonateReceiver.Domain.csproj" />
    <Project Path="src/FiapDonateReceiver.Infrastructure/FiapDonateReceiver.Infrastructure.csproj" />
    <Project Path="src/FiapDonateReceiver.Worker/FiapDonateReceiver.Worker.csproj" />
  </Folder>
  <Folder Name="/tests/">
    <Project Path="tests/FiapDonateReceiver.Domain.Tests/FiapDonateReceiver.Domain.Tests.csproj" />
    <Project Path="tests/FiapDonateReceiver.Infrastructure.Tests/FiapDonateReceiver.Infrastructure.Tests.csproj" />
  </Folder>
</Solution>
